
Microsoft Visual Studio Solution File, Format Version 12.00
# Visual Studio Version 16
VisualStudioVersion = 16.0.28729.10
MinimumVisualStudioVersion = 10.0.40219.1
Project("{9A19103F-16F7-4668-BE54-9A1E7A4F7556}") = "JWTAspNetCore", "JWTAspNetCore\JWTAspNetCore.csproj", "{C4538BE3-1DF4-4596-8C09-B49BECEDBBBF}"
EndProject
Project("{FAE04EC0-301F-11D3-BF4B-00C04F79EFBC}") = "Altinn.Common.Authentication", "Altinn.Common.Authentication\Altinn.Common.Authentication.csproj", "{D495F907-78C0-4CBA-9833-0E40F8768F5E}"
EndProject
Global
	GlobalSection(SolutionConfigurationPlatforms) = preSolution
		Debug|Any CPU = Debug|Any CPU
		Release|Any CPU = Release|Any CPU
	EndGlobalSection
	GlobalSection(ProjectConfigurationPlatforms) = postSolution
		{C4538BE3-1DF4-4596-8C09-B49BECEDBBBF}.Debug|Any CPU.ActiveCfg = Debug|Any CPU
		{C4538BE3-1DF4-4596-8C09-B49BECEDBBBF}.Debug|Any CPU.Build.0 = Debug|Any CPU
		{C4538BE3-1DF4-4596-8C09-B49BECEDBBBF}.Release|Any CPU.ActiveCfg = Release|Any CPU
		{C4538BE3-1DF4-4596-8C09-B49BECEDBBBF}.Release|Any CPU.Build.0 = Release|Any CPU
		{D495F907-78C0-4CBA-9833-0E40F8768F5E}.Debug|Any CPU.ActiveCfg = Debug|Any CPU
		{D495F907-78C0-4CBA-9833-0E40F8768F5E}.Debug|Any CPU.Build.0 = Debug|Any CPU
		{D495F907-78C0-4CBA-9833-0E40F8768F5E}.Release|Any CPU.ActiveCfg = Release|Any CPU
		{D495F907-78C0-4CBA-9833-0E40F8768F5E}.Release|Any CPU.Build.0 = Release|Any CPU
	EndGlobalSection
	GlobalSection(SolutionProperties) = preSolution
		HideSolutionNode = FALSE
	EndGlobalSection
	GlobalSection(ExtensibilityGlobals) = postSolution
		SolutionGuid = {095E84BE-DFDC-4B1C-A024-A8A28BCCD243}
	EndGlobalSection
EndGlobal
